
Microsoft Visual Studio Solution File, Format Version 12.00
# Visual Studio Version 17
VisualStudioVersion = 17.8.34322.80
MinimumVisualStudioVersion = 10.0.40219.1
Project("{2150E333-8FDC-42A3-9474-1A3956D46DE8}") = "01-Backend", "01-Backend", "{570CD114-8F1B-4617-A2D5-A6A668E10B79}"
EndProject
Project("{2150E333-8FDC-42A3-9474-1A3956D46DE8}") = "02-Frontend", "02-Frontend", "{CE4C5AFD-E3D8-4536-A113-CC527A496072}"
EndProject
Project("{2150E333-8FDC-42A3-9474-1A3956D46DE8}") = "03-Common", "03-Common", "{29E3A606-C199-4992-BB18-C93EFB8C7522}"
EndProject
Global
	GlobalSection(SolutionProperties) = preSolution
		HideSolutionNode = FALSE
	EndGlobalSection
	GlobalSection(ExtensibilityGlobals) = postSolution
		SolutionGuid = {F15A86BC-72F3-4876-8A4B-C54BB37FEC00}
	EndGlobalSection
EndGlobal
